
Microsoft Visual Studio Solution File, Format Version 12.00
# Visual Studio Version 16
VisualStudioVersion = 16.0.32901.82
MinimumVisualStudioVersion = 10.0.40219.1
Project("{FAE04EC0-301F-11D3-BF4B-00C04F79EFBC}") = "19K0206_Q3", "19K0206_Q3\19K0206_Q3.csproj", "{CD0CA36E-048A-48FB-A30E-564837DE8E1C}"
EndProject
Global
	GlobalSection(SolutionConfigurationPlatforms) = preSolution
		Debug|Any CPU = Debug|Any CPU
		Release|Any CPU = Release|Any CPU
	EndGlobalSection
	GlobalSection(ProjectConfigurationPlatforms) = postSolution
		{CD0CA36E-048A-48FB-A30E-564837DE8E1C}.Debug|Any CPU.ActiveCfg = Debug|Any CPU
		{CD0CA36E-048A-48FB-A30E-564837DE8E1C}.Debug|Any CPU.Build.0 = Debug|Any CPU
		{CD0CA36E-048A-48FB-A30E-564837DE8E1C}.Release|Any CPU.ActiveCfg = Release|Any CPU
		{CD0CA36E-048A-48FB-A30E-564837DE8E1C}.Release|Any CPU.Build.0 = Release|Any CPU
	EndGlobalSection
	GlobalSection(SolutionProperties) = preSolution
		HideSolutionNode = FALSE
	EndGlobalSection
	GlobalSection(ExtensibilityGlobals) = postSolution
		SolutionGuid = {D98C573B-A33B-49A9-8E39-83E5A2D52791}
	EndGlobalSection
EndGlobal
